
Microsoft Visual Studio Solution File, Format Version 12.00
# Visual Studio Version 16
VisualStudioVersion = 16.0.30523.141
MinimumVisualStudioVersion = 10.0.40219.1
Project("{FAE04EC0-301F-11D3-BF4B-00C04F79EFBC}") = "eventPlanner", "eventPlanner.csproj", "{395C6487-D558-4FB3-A928-59DDD91F526C}"
EndProject
Global
	GlobalSection(SolutionConfigurationPlatforms) = preSolution
		Debug|Any CPU = Debug|Any CPU
		Release|Any CPU = Release|Any CPU
	EndGlobalSection
	GlobalSection(ProjectConfigurationPlatforms) = postSolution
		{395C6487-D558-4FB3-A928-59DDD91F526C}.Debug|Any CPU.ActiveCfg = Debug|Any CPU
		{395C6487-D558-4FB3-A928-59DDD91F526C}.Debug|Any CPU.Build.0 = Debug|Any CPU
		{395C6487-D558-4FB3-A928-59DDD91F526C}.Release|Any CPU.ActiveCfg = Release|Any CPU
		{395C6487-D558-4FB3-A928-59DDD91F526C}.Release|Any CPU.Build.0 = Release|Any CPU
	EndGlobalSection
	GlobalSection(SolutionProperties) = preSolution
		HideSolutionNode = FALSE
	EndGlobalSection
	GlobalSection(ExtensibilityGlobals) = postSolution
		SolutionGuid = {57B15C09-F9B3-403C-B633-7982C53A7466}
	EndGlobalSection
EndGlobal
